
Microsoft Visual Studio Solution File, Format Version 12.00
# Visual Studio Version 16
VisualStudioVersion = 16.0.31729.503
MinimumVisualStudioVersion = 10.0.40219.1
Project("{9A19103F-16F7-4668-BE54-9A1E7A4F7556}") = "Day9", "Day9\Day9.csproj", "{ABC43501-3364-46EB-A517-AD1F77CCAC3A}"
EndProject
Project("{9A19103F-16F7-4668-BE54-9A1E7A4F7556}") = "Day10", "Day10\Day10.csproj", "{0CF323F8-6931-4325-A605-FD8100846C1F}"
EndProject
Project("{9A19103F-16F7-4668-BE54-9A1E7A4F7556}") = "Day11", "Day11\Day11.csproj", "{0E7F846D-15E4-497A-9AF1-A2A6885C6530}"
EndProject
Project("{9A19103F-16F7-4668-BE54-9A1E7A4F7556}") = "Day12", "Day12\Day12.csproj", "{A7A80D1B-08CE-4EEE-8851-203AE795CB77}"
EndProject
Project("{9A19103F-16F7-4668-BE54-9A1E7A4F7556}") = "Day13", "Day13\Day13.csproj", "{045C93E1-5CD7-4120-A5FD-BE58AEA70BD7}"
EndProject
Project("{9A19103F-16F7-4668-BE54-9A1E7A4F7556}") = "Day14", "Day14\Day14.csproj", "{704FB915-A1AB-4521-B38C-F5201889E00B}"
EndProject
Project("{9A19103F-16F7-4668-BE54-9A1E7A4F7556}") = "Day15", "Day15\Day15.csproj", "{3C57B5B0-3243-45DA-8215-5FC630017F78}"
EndProject
Project("{9A19103F-16F7-4668-BE54-9A1E7A4F7556}") = "Day16", "Day16\Day16.csproj", "{519FB24E-0078-4A38-AC63-1E4D3C4FCF8D}"
EndProject
Project("{FAE04EC0-301F-11D3-BF4B-00C04F79EFBC}") = "Day17", "Day17\Day17.csproj", "{1B3A42F9-4F62-4887-91FF-BB4044713B00}"
EndProject
Project("{FAE04EC0-301F-11D3-BF4B-00C04F79EFBC}") = "Utilities", "Utilities\Utilities.csproj", "{C3B06E35-E41E-4D32-9025-1395010D77DE}"
EndProject
Global
	GlobalSection(SolutionConfigurationPlatforms) = preSolution
		Debug|Any CPU = Debug|Any CPU
		Release|Any CPU = Release|Any CPU
	EndGlobalSection
	GlobalSection(ProjectConfigurationPlatforms) = postSolution
		{ABC43501-3364-46EB-A517-AD1F77CCAC3A}.Debug|Any CPU.ActiveCfg = Debug|Any CPU
		{ABC43501-3364-46EB-A517-AD1F77CCAC3A}.Debug|Any CPU.Build.0 = Debug|Any CPU
		{ABC43501-3364-46EB-A517-AD1F77CCAC3A}.Release|Any CPU.ActiveCfg = Release|Any CPU
		{ABC43501-3364-46EB-A517-AD1F77CCAC3A}.Release|Any CPU.Build.0 = Release|Any CPU
		{0CF323F8-6931-4325-A605-FD8100846C1F}.Debug|Any CPU.ActiveCfg = Debug|Any CPU
		{0CF323F8-6931-4325-A605-FD8100846C1F}.Debug|Any CPU.Build.0 = Debug|Any CPU
		{0CF323F8-6931-4325-A605-FD8100846C1F}.Release|Any CPU.ActiveCfg = Release|Any CPU
		{0CF323F8-6931-4325-A605-FD8100846C1F}.Release|Any CPU.Build.0 = Release|Any CPU
		{0E7F846D-15E4-497A-9AF1-A2A6885C6530}.Debug|Any CPU.ActiveCfg = Debug|Any CPU
		{0E7F846D-15E4-497A-9AF1-A2A6885C6530}.Debug|Any CPU.Build.0 = Debug|Any CPU
		{0E7F846D-15E4-497A-9AF1-A2A6885C6530}.Release|Any CPU.ActiveCfg = Release|Any CPU
		{0E7F846D-15E4-497A-9AF1-A2A6885C6530}.Release|Any CPU.Build.0 = Release|Any CPU
		{A7A80D1B-08CE-4EEE-8851-203AE795CB77}.Debug|Any CPU.ActiveCfg = Debug|Any CPU
		{A7A80D1B-08CE-4EEE-8851-203AE795CB77}.Debug|Any CPU.Build.0 = Debug|Any CPU
		{A7A80D1B-08CE-4EEE-8851-203AE795CB77}.Release|Any CPU.ActiveCfg = Release|Any CPU
		{A7A80D1B-08CE-4EEE-8851-203AE795CB77}.Release|Any CPU.Build.0 = Release|Any CPU
		{045C93E1-5CD7-4120-A5FD-BE58AEA70BD7}.Debug|Any CPU.ActiveCfg = Debug|Any CPU
		{045C93E1-5CD7-4120-A5FD-BE58AEA70BD7}.Debug|Any CPU.Build.0 = Debug|Any CPU
		{045C93E1-5CD7-4120-A5FD-BE58AEA70BD7}.Release|Any CPU.ActiveCfg = Release|Any CPU
		{045C93E1-5CD7-4120-A5FD-BE58AEA70BD7}.Release|Any CPU.Build.0 = Release|Any CPU
		{704FB915-A1AB-4521-B38C-F5201889E00B}.Debug|Any CPU.ActiveCfg = Debug|Any CPU
		{704FB915-A1AB-4521-B38C-F5201889E00B}.Debug|Any CPU.Build.0 = Debug|Any CPU
		{704FB915-A1AB-4521-B38C-F5201889E00B}.Release|Any CPU.ActiveCfg = Release|Any CPU
		{704FB915-A1AB-4521-B38C-F5201889E00B}.Release|Any CPU.Build.0 = Release|Any CPU
		{3C57B5B0-3243-45DA-8215-5FC630017F78}.Debug|Any CPU.ActiveCfg = Debug|Any CPU
		{3C57B5B0-3243-45DA-8215-5FC630017F78}.Debug|Any CPU.Build.0 = Debug|Any CPU
		{3C57B5B0-3243-45DA-8215-5FC630017F78}.Release|Any CPU.ActiveCfg = Release|Any CPU
		{3C57B5B0-3243-45DA-8215-5FC630017F78}.Release|Any CPU.Build.0 = Release|Any CPU
		{519FB24E-0078-4A38-AC63-1E4D3C4FCF8D}.Debug|Any CPU.ActiveCfg = Debug|Any CPU
		{519FB24E-0078-4A38-AC63-1E4D3C4FCF8D}.Debug|Any CPU.Build.0 = Debug|Any CPU
		{519FB24E-0078-4A38-AC63-1E4D3C4FCF8D}.Release|Any CPU.ActiveCfg = Release|Any CPU
		{519FB24E-0078-4A38-AC63-1E4D3C4FCF8D}.Release|Any CPU.Build.0 = Release|Any CPU
		{1B3A42F9-4F62-4887-91FF-BB4044713B00}.Debug|Any CPU.ActiveCfg = Debug|Any CPU
		{1B3A42F9-4F62-4887-91FF-BB4044713B00}.Debug|Any CPU.Build.0 = Debug|Any CPU
		{1B3A42F9-4F62-4887-91FF-BB4044713B00}.Release|Any CPU.ActiveCfg = Release|Any CPU
		{1B3A42F9-4F62-4887-91FF-BB4044713B00}.Release|Any CPU.Build.0 = Release|Any CPU
		{C3B06E35-E41E-4D32-9025-1395010D77DE}.Debug|Any CPU.ActiveCfg = Debug|Any CPU
		{C3B06E35-E41E-4D32-9025-1395010D77DE}.Debug|Any CPU.Build.0 = Debug|Any CPU
		{C3B06E35-E41E-4D32-9025-1395010D77DE}.Release|Any CPU.ActiveCfg = Release|Any CPU
		{C3B06E35-E41E-4D32-9025-1395010D77DE}.Release|Any CPU.Build.0 = Release|Any CPU
	EndGlobalSection
	GlobalSection(SolutionProperties) = preSolution
		HideSolutionNode = FALSE
	EndGlobalSection
	GlobalSection(ExtensibilityGlobals) = postSolution
		SolutionGuid = {45EF11A2-DD5C-41D5-94F2-CA259B61FA55}
	EndGlobalSection
EndGlobal
